schema: '2.0'
stages:
  data_ingestion:
    cmd: python src/Churn_analysis/pipeline/stage01_data_ingestion.py
    deps:
    - path: config/config.yaml
      hash: md5
      md5: 8da0b0ddf12469c88f7f5b853de9cf26
      size: 1200
    - path: src/Churn_analysis/components/data_ingestion.py
      hash: md5
      md5: beacbdabac436d704b5607b6211f2c98
      size: 815
    - path: src/Churn_analysis/pipeline/stage01_data_ingestion.py
      hash: md5
      md5: aa0753cc7fb91bed35c28fa44114d53f
      size: 966
    outs:
    - path: artifacts/data_ingestion/
      hash: md5
      md5: 71765d58988da3c073067c4ce6337044.dir
      size: 985371
      nfiles: 1
  data_validation:
    cmd: python src/Churn_analysis/pipeline/stage02_data_validation.py
    deps:
    - path: config/config.yaml
      hash: md5
      md5: 8da0b0ddf12469c88f7f5b853de9cf26
      size: 1200
    - path: schema.yaml
      hash: md5
      md5: b860f5ca77d42963063e1c89364b1a7d
      size: 552
    - path: src/Churn_analysis/components/data_validation.py
      hash: md5
      md5: 479f87233c252be8f3a8183281732ef5
      size: 2132
    - path: src/Churn_analysis/pipeline/stage02_data_validation.py
      hash: md5
      md5: 4746c24b311ceeb47ad3a5efab904d58
      size: 1033
    outs:
    - path: artifacts/data_validation/
      hash: md5
      md5: 073220ab554a5b021e7faf79130d289b.dir
      size: 46
      nfiles: 2
  data_transformation:
    cmd: python src/Churn_analysis/pipeline/stage03_data_transformation.py
    deps:
    - path: artifacts/data_validation/status.txt
      hash: md5
      md5: 86e6a2f694c57a675b3e2da6b95ff9ba
      size: 23
    - path: artifacts/data_validation/status_dtype.txt
      hash: md5
      md5: 86e6a2f694c57a675b3e2da6b95ff9ba
      size: 23
    - path: config/config.yaml
      hash: md5
      md5: 8da0b0ddf12469c88f7f5b853de9cf26
      size: 1200
    - path: src/Churn_analysis/components/data_transformation.py
      hash: md5
      md5: 50f0df165f66dc6b5cbb0478ff2f638b
      size: 3315
    - path: src/Churn_analysis/pipeline/stage03_data_transformation.py
      hash: md5
      md5: 3a792bc20ab21ff7846a4ba315535e64
      size: 1671
    outs:
    - path: artifacts/data_transformation/
      hash: md5
      md5: d3099aa4ab752a1e0e521eaf473f2d15.dir
      size: 987073
      nfiles: 3
  data_clustering:
    cmd: python src/Churn_analysis/pipeline/stage04_data_clustering.py
    deps:
    - path: artifacts/data_ingestion/main_data.csv
      hash: md5
      md5: f80fce8a6efe7f0db5bcb0dbad526a6c
      size: 985371
    - path: config/config.yaml
      hash: md5
      md5: 8da0b0ddf12469c88f7f5b853de9cf26
      size: 1200
    - path: params.yaml
      hash: md5
      md5: 8581aa6f0c11b0739a3f49478829c92b
      size: 272
    - path: schema.yaml
      hash: md5
      md5: b860f5ca77d42963063e1c89364b1a7d
      size: 552
    - path: src/Churn_analysis/components/data_clustering.py
      hash: md5
      md5: 7aee102e15669873b8688fbf6441fbc6
      size: 1937
    - path: src/Churn_analysis/pipeline/stage04_data_clustering.py
      hash: md5
      md5: b44634cf8b7827fd7a4ee3d27e66710e
      size: 968
    outs:
    - path: artifacts/data_clustering
      hash: md5
      md5: e0b499330c088e92934abcf5b48596b4.dir
      size: 939643
      nfiles: 2
  model_trainer:
    cmd: python src/Churn_analysis/pipeline/stage05_model_training.py
    deps:
    - path: artifacts/data_transformation/train.csv
      hash: md5
      md5: 5f4d29044eb86006b9da9219da42017b
      size: 688391
    - path: config/config.yaml
      hash: md5
      md5: 8da0b0ddf12469c88f7f5b853de9cf26
      size: 1200
    - path: params.yaml
      hash: md5
      md5: 8581aa6f0c11b0739a3f49478829c92b
      size: 272
    - path: src/Churn_analysis/components/model_training.py
      hash: md5
      md5: eeb42a9238c5928e98a1d9ddfc8bfbb0
      size: 1082
    - path: src/Churn_analysis/pipeline/stage05_model_training.py
      hash: md5
      md5: 61c6ac8bbaa6c217cd5bcaeb48effe8b
      size: 958
    outs:
    - path: artifacts/model_trainer/
      hash: md5
      md5: cf4cfd74703e3032712a94951953c19f.dir
      size: 338398
      nfiles: 1
